
Microsoft Visual Studio Solution File, Format Version 12.00
Project("{FAE04EC0-301F-11D3-BF4B-00C04F79EFBC}") = "Ajiva.Net", "Ajiva.Net\Ajiva.Net.csproj", "{D6B53E78-C775-4A36-A3D7-4426EB813AE1}"
EndProject
Project("{FAE04EC0-301F-11D3-BF4B-00C04F79EFBC}") = "Ajiva.Extensions", "Ajiva.Extensions\Ajiva.Extensions.csproj", "{67D3BA90-DBF5-49CF-840C-2B4CF33D80D0}"
EndProject
Project("{FAE04EC0-301F-11D3-BF4B-00C04F79EFBC}") = "Ajiva.Include", "Ajiva.Include\Ajiva.Include.csproj", "{D03D4976-B7F5-4026-ADFF-2705191BBE22}"
EndProject
Project("{FAE04EC0-301F-11D3-BF4B-00C04F79EFBC}") = "Ajiva.Wrapper", "Ajiva.Wrapper\Ajiva.Wrapper.csproj", "{526398EC-F67D-429F-8268-B5430FEF8A7A}"
EndProject
Project("{2150E333-8FDC-42A3-9474-1A3956D46DE8}") = "Src", "Src", "{F6818284-4FE9-40AF-9D2F-DA539699B414}"
EndProject
Project("{2150E333-8FDC-42A3-9474-1A3956D46DE8}") = "Tests", "Tests", "{BE47F5F3-D9F2-4EE7-B0C1-F72ADF016553}"
EndProject
Project("{FAE04EC0-301F-11D3-BF4B-00C04F79EFBC}") = "Ajiva.Net.Tests", "Ajiva.Net.Tests\Ajiva.Net.Tests.csproj", "{2988CBE6-EFAA-4FEF-9020-0BC30DD7D68C}"
EndProject
Global
	GlobalSection(SolutionConfigurationPlatforms) = preSolution
		Debug|Any CPU = Debug|Any CPU
		Release|Any CPU = Release|Any CPU
	EndGlobalSection
	GlobalSection(ProjectConfigurationPlatforms) = postSolution
		{D6B53E78-C775-4A36-A3D7-4426EB813AE1}.Debug|Any CPU.ActiveCfg = Debug|Any CPU
		{D6B53E78-C775-4A36-A3D7-4426EB813AE1}.Debug|Any CPU.Build.0 = Debug|Any CPU
		{D6B53E78-C775-4A36-A3D7-4426EB813AE1}.Release|Any CPU.ActiveCfg = Release|Any CPU
		{D6B53E78-C775-4A36-A3D7-4426EB813AE1}.Release|Any CPU.Build.0 = Release|Any CPU
		{67D3BA90-DBF5-49CF-840C-2B4CF33D80D0}.Debug|Any CPU.ActiveCfg = Debug|Any CPU
		{67D3BA90-DBF5-49CF-840C-2B4CF33D80D0}.Debug|Any CPU.Build.0 = Debug|Any CPU
		{67D3BA90-DBF5-49CF-840C-2B4CF33D80D0}.Release|Any CPU.ActiveCfg = Release|Any CPU
		{67D3BA90-DBF5-49CF-840C-2B4CF33D80D0}.Release|Any CPU.Build.0 = Release|Any CPU
		{D03D4976-B7F5-4026-ADFF-2705191BBE22}.Debug|Any CPU.ActiveCfg = Debug|Any CPU
		{D03D4976-B7F5-4026-ADFF-2705191BBE22}.Debug|Any CPU.Build.0 = Debug|Any CPU
		{D03D4976-B7F5-4026-ADFF-2705191BBE22}.Release|Any CPU.ActiveCfg = Release|Any CPU
		{D03D4976-B7F5-4026-ADFF-2705191BBE22}.Release|Any CPU.Build.0 = Release|Any CPU
		{526398EC-F67D-429F-8268-B5430FEF8A7A}.Debug|Any CPU.ActiveCfg = Debug|Any CPU
		{526398EC-F67D-429F-8268-B5430FEF8A7A}.Debug|Any CPU.Build.0 = Debug|Any CPU
		{526398EC-F67D-429F-8268-B5430FEF8A7A}.Release|Any CPU.ActiveCfg = Release|Any CPU
		{526398EC-F67D-429F-8268-B5430FEF8A7A}.Release|Any CPU.Build.0 = Release|Any CPU
		{2988CBE6-EFAA-4FEF-9020-0BC30DD7D68C}.Debug|Any CPU.ActiveCfg = Debug|Any CPU
		{2988CBE6-EFAA-4FEF-9020-0BC30DD7D68C}.Debug|Any CPU.Build.0 = Debug|Any CPU
		{2988CBE6-EFAA-4FEF-9020-0BC30DD7D68C}.Release|Any CPU.ActiveCfg = Release|Any CPU
		{2988CBE6-EFAA-4FEF-9020-0BC30DD7D68C}.Release|Any CPU.Build.0 = Release|Any CPU
	EndGlobalSection
	GlobalSection(NestedProjects) = preSolution
		{67D3BA90-DBF5-49CF-840C-2B4CF33D80D0} = {F6818284-4FE9-40AF-9D2F-DA539699B414}
		{D03D4976-B7F5-4026-ADFF-2705191BBE22} = {F6818284-4FE9-40AF-9D2F-DA539699B414}
		{D6B53E78-C775-4A36-A3D7-4426EB813AE1} = {F6818284-4FE9-40AF-9D2F-DA539699B414}
		{526398EC-F67D-429F-8268-B5430FEF8A7A} = {F6818284-4FE9-40AF-9D2F-DA539699B414}
		{2988CBE6-EFAA-4FEF-9020-0BC30DD7D68C} = {BE47F5F3-D9F2-4EE7-B0C1-F72ADF016553}
	EndGlobalSection
EndGlobal
